{
  "nodes": {
    "nixlypkgs": {
      "inputs": {
        "nixpkgs": [
          "nixpkgs"
        ]
      },
      "locked": {
        "lastModified": 1773577755,
        "narHash": "sha256-2WVXA/GgFIxG1h5gGx+l5D39LA4NlKKtHGVj+0hHF9k=",
        "owner": "aCeTotal",
        "repo": "nixlypkgs",
        "rev": "4fd3d6ec835ea5f1175423b5786f8845be86b398",
        "type": "github"
      },
      "original": {
        "owner": "aCeTotal",
        "repo": "nixlypkgs",
        "type": "github"
      }
    },
    "nixpkgs": {
      "locked": {
        "lastModified": 1765472234,
        "narHash": "sha256-9VvC20PJPsleGMewwcWYKGzDIyjckEz8uWmT0vCDYK0=",
        "owner": "NixOS",
        "repo": "nixpkgs",
        "rev": "2fbfb1d73d239d2402a8fe03963e37aab15abe8b",
        "type": "github"
      },
      "original": {
        "owner": "NixOS",
        "ref": "nixos-unstable",
        "repo": "nixpkgs",
        "type": "github"
      }
    },
    "root": {
      "inputs": {
        "nixlypkgs": "nixlypkgs",
        "nixpkgs": "nixpkgs"
      }
    }
  },
  "root": "root",
  "version": 7
}
