{
  "nodes": {
    "nixlypkgs": {
      "inputs": {
        "nixpkgs": [
          "nixpkgs"
        ]
      },
      "locked": {
        "lastModified": 1773835114,
        "narHash": "sha256-Ek2gX6nrAym/sDdtK+w2i6M4E3ITvabxMnFkE9phTlk=",
        "owner": "aCeTotal",
        "repo": "nixlypkgs",
        "rev": "61a9935a22d127a4ca082006b8a6b0eb4139b61a",
        "type": "github"
      },
      "original": {
        "owner": "aCeTotal",
        "repo": "nixlypkgs",
        "type": "github"
      }
    },
    "nixpkgs": {
      "locked": {
        "lastModified": 1773734432,
        "narHash": "sha256-IF5ppUWh6gHGHYDbtVUyhwy/i7D261P7fWD1bPefOsw=",
        "owner": "NixOS",
        "repo": "nixpkgs",
        "rev": "cda48547b432e8d3b18b4180ba07473762ec8558",
        "type": "github"
      },
      "original": {
        "owner": "NixOS",
        "ref": "nixos-unstable",
        "repo": "nixpkgs",
        "type": "github"
      }
    },
    "root": {
      "inputs": {
        "nixlypkgs": "nixlypkgs",
        "nixpkgs": "nixpkgs"
      }
    }
  },
  "root": "root",
  "version": 7
}
